
Microsoft Visual Studio Solution File, Format Version 12.00
# Visual Studio 2012
Project("{FAE04EC0-301F-11D3-BF4B-00C04F79EFBC}") = "Homework2", "Homework2\Homework2.csproj", "{AC8CD510-4259-49DB-A380-3044B1401DEB}"
EndProject
Global
	GlobalSection(SolutionConfigurationPlatforms) = preSolution
		Debug|Any CPU = Debug|Any CPU
		Release|Any CPU = Release|Any CPU
	EndGlobalSection
	GlobalSection(ProjectConfigurationPlatforms) = postSolution
		{AC8CD510-4259-49DB-A380-3044B1401DEB}.Debug|Any CPU.ActiveCfg = Debug|Any CPU
		{AC8CD510-4259-49DB-A380-3044B1401DEB}.Debug|Any CPU.Build.0 = Debug|Any CPU
		{AC8CD510-4259-49DB-A380-3044B1401DEB}.Release|Any CPU.ActiveCfg = Release|Any CPU
		{AC8CD510-4259-49DB-A380-3044B1401DEB}.Release|Any CPU.Build.0 = Release|Any CPU
	EndGlobalSection
	GlobalSection(SolutionProperties) = preSolution
		HideSolutionNode = FALSE
	EndGlobalSection
EndGlobal
