
Microsoft Visual Studio Solution File, Format Version 12.00
# Visual Studio 2012
Project("{FAE04EC0-301F-11D3-BF4B-00C04F79EFBC}") = "WindowsFormsApplication1", "WindowsFormsApplication1\WindowsFormsApplication1.csproj", "{062F601D-7614-444C-AAAB-1993DDFAE2DA}"
EndProject
Global
	GlobalSection(SolutionConfigurationPlatforms) = preSolution
		Debug|Any CPU = Debug|Any CPU
		Release|Any CPU = Release|Any CPU
	EndGlobalSection
	GlobalSection(ProjectConfigurationPlatforms) = postSolution
		{062F601D-7614-444C-AAAB-1993DDFAE2DA}.Debug|Any CPU.ActiveCfg = Debug|Any CPU
		{062F601D-7614-444C-AAAB-1993DDFAE2DA}.Debug|Any CPU.Build.0 = Debug|Any CPU
		{062F601D-7614-444C-AAAB-1993DDFAE2DA}.Release|Any CPU.ActiveCfg = Release|Any CPU
		{062F601D-7614-444C-AAAB-1993DDFAE2DA}.Release|Any CPU.Build.0 = Release|Any CPU
	EndGlobalSection
	GlobalSection(SolutionProperties) = preSolution
		HideSolutionNode = FALSE
	EndGlobalSection
EndGlobal
